// !$*UTF8*$!
{
	archiveVersion = 1;
	classes = {
	};
	objectVersion = 46;
	objects = {

/* Begin PBXBuildFile section */
		4651374E1AED5A3E00C6AD32 /* PlaySoundsViewController.swift in Sources */ = {isa = PBXBuildFile; fileRef = 4651374D1AED5A3E00C6AD32 /* PlaySoundsViewController.swift */; };
		465137521AED635500C6AD32 /* movie_quote.mp3 in Resources */ = {isa = PBXBuildFile; fileRef = 465137511AED635500C6AD32 /* movie_quote.mp3 */; };
		465137541AED80E300C6AD32 /* RecordedAudio.swift in Sources */ = {isa = PBXBuildFile; fileRef = 465137531AED80E300C6AD32 /* RecordedAudio.swift */; };
		466833C31AEC3F9B00036DF8 /* AppDelegate.swift in Sources */ = {isa = PBXBuildFile; fileRef = 466833C21AEC3F9B00036DF8 /* AppDelegate.swift */; };
		466833C51AEC3F9B00036DF8 /* RecordSoundsViewController.swift in Sources */ = {isa = PBXBuildFile; fileRef = 466833C41AEC3F9B00036DF8 /* RecordSoundsViewController.swift */; };
		466833C81AEC3F9B00036DF8 /* Main.storyboard in Resources */ = {isa = PBXBuildFile; fileRef = 466833C61AEC3F9B00036DF8 /* Main.storyboard */; };
		466833CA1AEC3F9B00036DF8 /* Images.xcassets in Resources */ = {isa = PBXBuildFile; fileRef = 466833C91AEC3F9B00036DF8 /* Images.xcassets */; };
		466833CD1AEC3F9B00036DF8 /* LaunchScreen.xib in Resources */ = {isa = PBXBuildFile; fileRef = 466833CB1AEC3F9B00036DF8 /* LaunchScreen.xib */; };
		466833D91AEC3F9C00036DF8 /* Pitch_PerfectTests.swift in Sources */ = {isa = PBXBuildFile; fileRef = 466833D81AEC3F9C00036DF8 /* Pitch_PerfectTests.swift */; };
/* End PBXBuildFile section */

/* Begin PBXContainerItemProxy section */
		466833D31AEC3F9C00036DF8 /* PBXContainerItemProxy */ = {
			isa = PBXContainerItemProxy;
			containerPortal = 466833B51AEC3F9B00036DF8 /* Project object */;
			proxyType = 1;
			remoteGlobalIDString = 466833BC1AEC3F9B00036DF8;
			remoteInfo = "Pitch Perfect";
		};
/* End PBXContainerItemProxy section */

/* Begin PBXFileReference section */
		4651374D1AED5A3E00C6AD32 /* PlaySoundsViewController.swift */ = {isa = PBXFileReference; fileEncoding = 4; lastKnownFileType = sourcecode.swift; path = PlaySoundsViewController.swift; sourceTree = "<group>"; };
		465137511AED635500C6AD32 /* movie_quote.mp3 */ = {isa = PBXFileReference; lastKnownFileType = audio.mp3; name = movie_quote.mp3; path = ../movie_quote.mp3; sourceTree = "<group>"; };
		465137531AED80E300C6AD32 /* RecordedAudio.swift */ = {isa = PBXFileReference; fileEncoding = 4; lastKnownFileType = sourcecode.swift; path = RecordedAudio.swift; sourceTree = "<group>"; };
		466833BD1AEC3F9B00036DF8 /* Pitch Perfect.app */ = {isa = PBXFileReference; explicitFileType = wrapper.application; includeInIndex = 0; path = "Pitch Perfect.app"; sourceTree = BUILT_PRODUCTS_DIR; };
		466833C11AEC3F9B00036DF8 /* Info.plist */ = {isa = PBXFileReference; lastKnownFileType = text.plist.xml; path = Info.plist; sourceTree = "<group>"; };
		466833C21AEC3F9B00036DF8 /* AppDelegate.swift */ = {isa = PBXFileReference; lastKnownFileType = sourcecode.swift; path = AppDelegate.swift; sourceTree = "<group>"; };
		466833C41AEC3F9B00036DF8 /* RecordSoundsViewController.swift */ = {isa = PBXFileReference; lastKnownFileType = sourcecode.swift; path = RecordSoundsViewController.swift; sourceTree = "<group>"; };
		466833C71AEC3F9B00036DF8 /* Base */ = {isa = PBXFileReference; lastKnownFileType = file.storyboard; name = Base; path = Base.lproj/Main.storyboard; sourceTree = "<group>"; };
		466833C91AEC3F9B00036DF8 /* Images.xcassets */ = {isa = PBXFileReference; lastKnownFileType = folder.assetcatalog; path = Images.xcassets; sourceTree = "<group>"; };
		466833CC1AEC3F9B00036DF8 /* Base */ = {isa = PBXFileReference; lastKnownFileType = file.xib; name = Base; path = Base.lproj/LaunchScreen.xib; sourceTree = "<group>"; };
		466833D21AEC3F9C00036DF8 /* Pitch PerfectTests.xctest */ = {isa = PBXFileReference; explicitFileType = wrapper.cfbundle; includeInIndex = 0; path = "Pitch PerfectTests.xctest"; sourceTree = BUILT_PRODUCTS_DIR; };
		466833D71AEC3F9C00036DF8 /* Info.plist */ = {isa = PBXFileReference; lastKnownFileType = text.plist.xml; path = Info.plist; sourceTree = "<group>"; };
		466833D81AEC3F9C00036DF8 /* Pitch_PerfectTests.swift */ = {isa = PBXFileReference; lastKnownFileType = sourcecode.swift; path = Pitch_PerfectTests.swift; sourceTree = "<group>"; };
/* End PBXFileReference section */

/* Begin PBXFrameworksBuildPhase section */
		466833BA1AEC3F9B00036DF8 /* Frameworks */ = {
			isa = PBXFrameworksBuildPhase;
			buildActionMask = 2147483647;
			files = (
			);
			runOnlyForDeploymentPostprocessing = 0;
		};
		466833CF1AEC3F9C00036DF8 /* Frameworks */ = {
			isa = PBXFrameworksBuildPhase;
			buildActionMask = 2147483647;
			files = (
			);
			runOnlyForDeploymentPostprocessing = 0;
		};
/* End PBXFrameworksBuildPhase section */

/* Begin PBXGroup section */
		466833B41AEC3F9B00036DF8 = {
			isa = PBXGroup;
			children = (
				466833BF1AEC3F9B00036DF8 /* Pitch Perfect */,
				466833D51AEC3F9C00036DF8 /* Pitch PerfectTests */,
				466833BE1AEC3F9B00036DF8 /* Products */,
			);
			sourceTree = "<group>";
		};
		466833BE1AEC3F9B00036DF8 /* Products */ = {
			isa = PBXGroup;
			children = (
				466833BD1AEC3F9B00036DF8 /* Pitch Perfect.app */,
				466833D21AEC3F9C00036DF8 /* Pitch PerfectTests.xctest */,
			);
			name = Products;
			sourceTree = "<group>";
		};
		466833BF1AEC3F9B00036DF8 /* Pitch Perfect */ = {
			isa = PBXGroup;
			children = (
				466833C21AEC3F9B00036DF8 /* AppDelegate.swift */,
				466833C41AEC3F9B00036DF8 /* RecordSoundsViewController.swift */,
				465137531AED80E300C6AD32 /* RecordedAudio.swift */,
				466833C61AEC3F9B00036DF8 /* Main.storyboard */,
				4651374D1AED5A3E00C6AD32 /* PlaySoundsViewController.swift */,
				466833C91AEC3F9B00036DF8 /* Images.xcassets */,
				466833CB1AEC3F9B00036DF8 /* LaunchScreen.xib */,
				466833C01AEC3F9B00036DF8 /* Supporting Files */,
			);
			path = "Pitch Perfect";
			sourceTree = "<group>";
		};
		466833C01AEC3F9B00036DF8 /* Supporting Files */ = {
			isa = PBXGroup;
			children = (
				465137511AED635500C6AD32 /* movie_quote.mp3 */,
				466833C11AEC3F9B00036DF8 /* Info.plist */,
			);
			name = "Supporting Files";
			sourceTree = "<group>";
		};
		466833D51AEC3F9C00036DF8 /* Pitch PerfectTests */ = {
			isa = PBXGroup;
			children = (
				466833D81AEC3F9C00036DF8 /* Pitch_PerfectTests.swift */,
				466833D61AEC3F9C00036DF8 /* Supporting Files */,
			);
			path = "Pitch PerfectTests";
			sourceTree = "<group>";
		};
		466833D61AEC3F9C00036DF8 /* Supporting Files */ = {
			isa = PBXGroup;
			children = (
				466833D71AEC3F9C00036DF8 /* Info.plist */,
			);
			name = "Supporting Files";
			sourceTree = "<group>";
		};
/* End PBXGroup section */

/* Begin PBXNativeTarget section */
		466833BC1AEC3F9B00036DF8 /* Pitch Perfect */ = {
			isa = PBXNativeTarget;
			buildConfigurationList = 466833DC1AEC3F9C00036DF8 /* Build configuration list for PBXNativeTarget "Pitch Perfect" */;
			buildPhases = (
				466833B91AEC3F9B00036DF8 /* Sources */,
				466833BA1AEC3F9B00036DF8 /* Frameworks */,
				466833BB1AEC3F9B00036DF8 /* Resources */,
			);
			buildRules = (
			);
			dependencies = (
			);
			name = "Pitch Perfect";
			productName = "Pitch Perfect";
			productReference = 466833BD1AEC3F9B00036DF8 /* Pitch Perfect.app */;
			productType = "com.apple.product-type.application";
		};
		466833D11AEC3F9C00036DF8 /* Pitch PerfectTests */ = {
			isa = PBXNativeTarget;
			buildConfigurationList = 466833DF1AEC3F9C00036DF8 /* Build configuration list for PBXNativeTarget "Pitch PerfectTests" */;
			buildPhases = (
				466833CE1AEC3F9C00036DF8 /* Sources */,
				466833CF1AEC3F9C00036DF8 /* Frameworks */,
				466833D01AEC3F9C00036DF8 /* Resources */,
			);
			buildRules = (
			);
			dependencies = (
				466833D41AEC3F9C00036DF8 /* PBXTargetDependency */,
			);
			name = "Pitch PerfectTests";
			productName = "Pitch PerfectTests";
			productReference = 466833D21AEC3F9C00036DF8 /* Pitch PerfectTests.xctest */;
			productType = "com.apple.product-type.bundle.unit-test";
		};
/* End PBXNativeTarget section */

/* Begin PBXProject section */
		466833B51AEC3F9B00036DF8 /* Project object */ = {
			isa = PBXProject;
			attributes = {
				LastUpgradeCheck = 0620;
				ORGANIZATIONNAME = jmp;
				TargetAttributes = {
					466833BC1AEC3F9B00036DF8 = {
						CreatedOnToolsVersion = 6.2;
					};
					466833D11AEC3F9C00036DF8 = {
						CreatedOnToolsVersion = 6.2;
						TestTargetID = 466833BC1AEC3F9B00036DF8;
					};
				};
			};
			buildConfigurationList = 466833B81AEC3F9B00036DF8 /* Build configuration list for PBXProject "Pitch Perfect" */;
			compatibilityVersion = "Xcode 3.2";
			developmentRegion = English;
			hasScannedForEncodings = 0;
			knownRegions = (
				en,
				Base,
			);
			mainGroup = 466833B41AEC3F9B00036DF8;
			productRefGroup = 466833BE1AEC3F9B00036DF8 /* Products */;
			projectDirPath = "";
			projectRoot = "";
			targets = (
				466833BC1AEC3F9B00036DF8 /* Pitch Perfect */,
				466833D11AEC3F9C00036DF8 /* Pitch PerfectTests */,
			);
		};
/* End PBXProject section */

/* Begin PBXResourcesBuildPhase section */
		466833BB1AEC3F9B00036DF8 /* Resources */ = {
			isa = PBXResourcesBuildPhase;
			buildActionMask = 2147483647;
			files = (
				466833C81AEC3F9B00036DF8 /* Main.storyboard in Resources */,
				466833CD1AEC3F9B00036DF8 /* LaunchScreen.xib in Resources */,
				465137521AED635500C6AD32 /* movie_quote.mp3 in Resources */,
				466833CA1AEC3F9B00036DF8 /* Images.xcassets in Resources */,
			);
			runOnlyForDeploymentPostprocessing = 0;
		};
		466833D01AEC3F9C00036DF8 /* Resources */ = {
			isa = PBXResourcesBuildPhase;
			buildActionMask = 2147483647;
			files = (
			);
			runOnlyForDeploymentPostprocessing = 0;
		};
/* End PBXResourcesBuildPhase section */

/* Begin PBXSourcesBuildPhase section */
		466833B91AEC3F9B00036DF8 /* Sources */ = {
			isa = PBXSourcesBuildPhase;
			buildActionMask = 2147483647;
			files = (
				465137541AED80E300C6AD32 /* RecordedAudio.swift in Sources */,
				466833C51AEC3F9B00036DF8 /* RecordSoundsViewController.swift in Sources */,
				4651374E1AED5A3E00C6AD32 /* PlaySoundsViewController.swift in Sources */,
				466833C31AEC3F9B00036DF8 /* AppDelegate.swift in Sources */,
			);
			runOnlyForDeploymentPostprocessing = 0;
		};
		466833CE1AEC3F9C00036DF8 /* Sources */ = {
			isa = PBXSourcesBuildPhase;
			buildActionMask = 2147483647;
			files = (
				466833D91AEC3F9C00036DF8 /* Pitch_PerfectTests.swift in Sources */,
			);
			runOnlyForDeploymentPostprocessing = 0;
		};
/* End PBXSourcesBuildPhase section */

/* Begin PBXTargetDependency section */
		466833D41AEC3F9C00036DF8 /* PBXTargetDependency */ = {
			isa = PBXTargetDependency;
			target = 466833BC1AEC3F9B00036DF8 /* Pitch Perfect */;
			targetProxy = 466833D31AEC3F9C00036DF8 /* PBXContainerItemProxy */;
		};
/* End PBXTargetDependency section */

/* Begin PBXVariantGroup section */
		466833C61AEC3F9B00036DF8 /* Main.storyboard */ = {
			isa = PBXVariantGroup;
			children = (
				466833C71AEC3F9B00036DF8 /* Base */,
			);
			name = Main.storyboard;
			sourceTree = "<group>";
		};
		466833CB1AEC3F9B00036DF8 /* LaunchScreen.xib */ = {
			isa = PBXVariantGroup;
			children = (
				466833CC1AEC3F9B00036DF8 /* Base */,
			);
			name = LaunchScreen.xib;
			sourceTree = "<group>";
		};
/* End PBXVariantGroup section */

/* Begin XCBuildConfiguration section */
		466833DA1AEC3F9C00036DF8 /* Debug */ = {
			isa = XCBuildConfiguration;
			buildSettings = {
				ALWAYS_SEARCH_USER_PATHS = NO;
				CLANG_CXX_LANGUAGE_STANDARD = "gnu++0x";
				CLANG_CXX_LIBRARY = "libc++";
				CLANG_ENABLE_MODULES = YES;
				CLANG_ENABLE_OBJC_ARC = YES;
				CLANG_WARN_BOOL_CONVERSION = YES;
				CLANG_WARN_CONSTANT_CONVERSION = YES;
				CLANG_WARN_DIRECT_OBJC_ISA_USAGE = YES_ERROR;
				CLANG_WARN_EMPTY_BODY = YES;
				CLANG_WARN_ENUM_CONVERSION = YES;
				CLANG_WARN_INT_CONVERSION = YES;
				CLANG_WARN_OBJC_ROOT_CLASS = YES_ERROR;
				CLANG_WARN_UNREACHABLE_CODE = YES;
				CLANG_WARN__DUPLICATE_METHOD_MATCH = YES;
				"CODE_SIGN_IDENTITY[sdk=iphoneos*]" = "iPhone Developer";
				COPY_PHASE_STRIP = NO;
				ENABLE_STRICT_OBJC_MSGSEND = YES;
				GCC_C_LANGUAGE_STANDARD = gnu99;
				GCC_DYNAMIC_NO_PIC = NO;
				GCC_OPTIMIZATION_LEVEL = 0;
				GCC_PREPROCESSOR_DEFINITIONS = (
					"DEBUG=1",
					"$(inherited)",
				);
				GCC_SYMBOLS_PRIVATE_EXTERN = NO;
				GCC_WARN_64_TO_32_BIT_CONVERSION = YES;
				GCC_WARN_ABOUT_RETURN_TYPE = YES_ERROR;
				GCC_WARN_UNDECLARED_SELECTOR = YES;
				GCC_WARN_UNINITIALIZED_AUTOS = YES_AGGRESSIVE;
				GCC_WARN_UNUSED_FUNCTION = YES;
				GCC_WARN_UNUSED_VARIABLE = YES;
				IPHONEOS_DEPLOYMENT_TARGET = 8.2;
				MTL_ENABLE_DEBUG_INFO = YES;
				ONLY_ACTIVE_ARCH = YES;
				SDKROOT = iphoneos;
				SWIFT_OPTIMIZATION_LEVEL = "-Onone";
			};
			name = Debug;
		};
		466833DB1AEC3F9C00036DF8 /* Release */ = {
			isa = XCBuildConfiguration;
			buildSettings = {
				ALWAYS_SEARCH_USER_PATHS = NO;
				CLANG_CXX_LANGUAGE_STANDARD = "gnu++0x";
				CLANG_CXX_LIBRARY = "libc++";
				CLANG_ENABLE_MODULES = YES;
				CLANG_ENABLE_OBJC_ARC = YES;
				CLANG_WARN_BOOL_CONVERSION = YES;
				CLANG_WARN_CONSTANT_CONVERSION = YES;
				CLANG_WARN_DIRECT_OBJC_ISA_USAGE = YES_ERROR;
				CLANG_WARN_EMPTY_BODY = YES;
				CLANG_WARN_ENUM_CONVERSION = YES;
				CLANG_WARN_INT_CONVERSION = YES;
				CLANG_WARN_OBJC_ROOT_CLASS = YES_ERROR;
				CLANG_WARN_UNREACHABLE_CODE = YES;
				CLANG_WARN__DUPLICATE_METHOD_MATCH = YES;
				"CODE_SIGN_IDENTITY[sdk=iphoneos*]" = "iPhone Developer";
				COPY_PHASE_STRIP = NO;
				ENABLE_NS_ASSERTIONS = NO;
				ENABLE_STRICT_OBJC_MSGSEND = YES;
				GCC_C_LANGUAGE_STANDARD = gnu99;
				GCC_WARN_64_TO_32_BIT_CONVERSION = YES;
				GCC_WARN_ABOUT_RETURN_TYPE = YES_ERROR;
				GCC_WARN_UNDECLARED_SELECTOR = YES;
				GCC_WARN_UNINITIALIZED_AUTOS = YES_AGGRESSIVE;
				GCC_WARN_UNUSED_FUNCTION = YES;
				GCC_WARN_UNUSED_VARIABLE = YES;
				IPHONEOS_DEPLOYMENT_TARGET = 8.2;
				MTL_ENABLE_DEBUG_INFO = NO;
				SDKROOT = iphoneos;
				VALIDATE_PRODUCT = YES;
			};
			name = Release;
		};
		466833DD1AEC3F9C00036DF8 /* Debug */ = {
			isa = XCBuildConfiguration;
			buildSettings = {
				ASSETCATALOG_COMPILER_APPICON_NAME = AppIcon;
				INFOPLIST_FILE = "Pitch Perfect/Info.plist";
				LD_RUNPATH_SEARCH_PATHS = "$(inherited) @executable_path/Frameworks";
				PRODUCT_NAME = "$(TARGET_NAME)";
			};
			name = Debug;
		};
		466833DE1AEC3F9C00036DF8 /* Release */ = {
			isa = XCBuildConfiguration;
			buildSettings = {
				ASSETCATALOG_COMPILER_APPICON_NAME = AppIcon;
				INFOPLIST_FILE = "Pitch Perfect/Info.plist";
				LD_RUNPATH_SEARCH_PATHS = "$(inherited) @executable_path/Frameworks";
				PRODUCT_NAME = "$(TARGET_NAME)";
			};
			name = Release;
		};
		466833E01AEC3F9C00036DF8 /* Debug */ = {
			isa = XCBuildConfiguration;
			buildSettings = {
				BUNDLE_LOADER = "$(TEST_HOST)";
				FRAMEWORK_SEARCH_PATHS = (
					"$(SDKROOT)/Developer/Library/Frameworks",
					"$(inherited)",
				);
				GCC_PREPROCESSOR_DEFINITIONS = (
					"DEBUG=1",
					"$(inherited)",
				);
				INFOPLIST_FILE = "Pitch PerfectTests/Info.plist";
				LD_RUNPATH_SEARCH_PATHS = "$(inherited) @executable_path/Frameworks @loader_path/Frameworks";
				PRODUCT_NAME = "$(TARGET_NAME)";
				TEST_HOST = "$(BUILT_PRODUCTS_DIR)/Pitch Perfect.app/Pitch Perfect";
			};
			name = Debug;
		};
		466833E11AEC3F9C00036DF8 /* Release */ = {
			isa = XCBuildConfiguration;
			buildSettings = {
				BUNDLE_LOADER = "$(TEST_HOST)";
				FRAMEWORK_SEARCH_PATHS = (
					"$(SDKROOT)/Developer/Library/Frameworks",
					"$(inherited)",
				);
				INFOPLIST_FILE = "Pitch PerfectTests/Info.plist";
				LD_RUNPATH_SEARCH_PATHS = "$(inherited) @executable_path/Frameworks @loader_path/Frameworks";
				PRODUCT_NAME = "$(TARGET_NAME)";
				TEST_HOST = "$(BUILT_PRODUCTS_DIR)/Pitch Perfect.app/Pitch Perfect";
			};
			name = Release;
		};
/* End XCBuildConfiguration section */

/* Begin XCConfigurationList section */
		466833B81AEC3F9B00036DF8 /* Build configuration list for PBXProject "Pitch Perfect" */ = {
			isa = XCConfigurationList;
			buildConfigurations = (
				466833DA1AEC3F9C00036DF8 /* Debug */,
				466833DB1AEC3F9C00036DF8 /* Release */,
			);
			defaultConfigurationIsVisible = 0;
			defaultConfigurationName = Release;
		};
		466833DC1AEC3F9C00036DF8 /* Build configuration list for PBXNativeTarget "Pitch Perfect" */ = {
			isa = XCConfigurationList;
			buildConfigurations = (
				466833DD1AEC3F9C00036DF8 /* Debug */,
				466833DE1AEC3F9C00036DF8 /* Release */,
			);
			defaultConfigurationIsVisible = 0;
			defaultConfigurationName = Release;
		};
		466833DF1AEC3F9C00036DF8 /* Build configuration list for PBXNativeTarget "Pitch PerfectTests" */ = {
			isa = XCConfigurationList;
			buildConfigurations = (
				466833E01AEC3F9C00036DF8 /* Debug */,
				466833E11AEC3F9C00036DF8 /* Release */,
			);
			defaultConfigurationIsVisible = 0;
			defaultConfigurationName = Release;
		};
/* End XCConfigurationList section */
	};
	rootObject = 466833B51AEC3F9B00036DF8 /* Project object */;
}
